// !$*UTF8*$!
{
	archiveVersion = 1;
	classes = {
	};
	objectVersion = 46;
	objects = {

/* Begin PBXBuildFile section */
		A0ABE5071D3468CE000D8B45 /* AppDelegate.swift in Sources */ = {isa = PBXBuildFile; fileRef = A0ABE5061D3468CE000D8B45 /* AppDelegate.swift */; };
		A0ABE5091D3468CE000D8B45 /* ViewController.swift in Sources */ = {isa = PBXBuildFile; fileRef = A0ABE5081D3468CE000D8B45 /* ViewController.swift */; };
		A0ABE50C1D3468CE000D8B45 /* Main.storyboard in Resources */ = {isa = PBXBuildFile; fileRef = A0ABE50A1D3468CE000D8B45 /* Main.storyboard */; };
		A0ABE50E1D3468CE000D8B45 /* Assets.xcassets in Resources */ = {isa = PBXBuildFile; fileRef = A0ABE50D1D3468CE000D8B45 /* Assets.xcassets */; };
		A0ABE5111D3468CE000D8B45 /* LaunchScreen.storyboard in Resources */ = {isa = PBXBuildFile; fileRef = A0ABE50F1D3468CE000D8B45 /* LaunchScreen.storyboard */; };
		A0ABE5191D346959000D8B45 /* GoogleService-Info.plist in Resources */ = {isa = PBXBuildFile; fileRef = A0ABE5181D346959000D8B45 /* GoogleService-Info.plist */; };
		D269ADA9B84197D2BF98CD7A /* Pods_LoginAppFirebase.framework in Frameworks */ = {isa = PBXBuildFile; fileRef = E712D93154315785C17773A3 /* Pods_LoginAppFirebase.framework */; };
/* End PBXBuildFile section */

/* Begin PBXFileReference section */
		8F5CD8958F844477831B16FA /* Pods-LoginAppFirebase.release.xcconfig */ = {isa = PBXFileReference; includeInIndex = 1; lastKnownFileType = text.xcconfig; name = "Pods-LoginAppFirebase.release.xcconfig"; path = "Pods/Target Support Files/Pods-LoginAppFirebase/Pods-LoginAppFirebase.release.xcconfig"; sourceTree = "<group>"; };
		A0ABE5031D3468CE000D8B45 /* LoginAppFirebase.app */ = {isa = PBXFileReference; explicitFileType = wrapper.application; includeInIndex = 0; path = LoginAppFirebase.app; sourceTree = BUILT_PRODUCTS_DIR; };
		A0ABE5061D3468CE000D8B45 /* AppDelegate.swift */ = {isa = PBXFileReference; lastKnownFileType = sourcecode.swift; path = AppDelegate.swift; sourceTree = "<group>"; };
		A0ABE5081D3468CE000D8B45 /* ViewController.swift */ = {isa = PBXFileReference; lastKnownFileType = sourcecode.swift; path = ViewController.swift; sourceTree = "<group>"; };
		A0ABE50B1D3468CE000D8B45 /* Base */ = {isa = PBXFileReference; lastKnownFileType = file.storyboard; name = Base; path = Base.lproj/Main.storyboard; sourceTree = "<group>"; };
		A0ABE50D1D3468CE000D8B45 /* Assets.xcassets */ = {isa = PBXFileReference; lastKnownFileType = folder.assetcatalog; path = Assets.xcassets; sourceTree = "<group>"; };
		A0ABE5101D3468CE000D8B45 /* Base */ = {isa = PBXFileReference; lastKnownFileType = file.storyboard; name = Base; path = Base.lproj/LaunchScreen.storyboard; sourceTree = "<group>"; };
		A0ABE5121D3468CE000D8B45 /* Info.plist */ = {isa = PBXFileReference; lastKnownFileType = text.plist.xml; path = Info.plist; sourceTree = "<group>"; };
		A0ABE5181D346959000D8B45 /* GoogleService-Info.plist */ = {isa = PBXFileReference; fileEncoding = 4; lastKnownFileType = text.plist.xml; path = "GoogleService-Info.plist"; sourceTree = "<group>"; };
		B308B4D285D2C960B8EEBCA4 /* Pods-LoginAppFirebase.debug.xcconfig */ = {isa = PBXFileReference; includeInIndex = 1; lastKnownFileType = text.xcconfig; name = "Pods-LoginAppFirebase.debug.xcconfig"; path = "Pods/Target Support Files/Pods-LoginAppFirebase/Pods-LoginAppFirebase.debug.xcconfig"; sourceTree = "<group>"; };
		E712D93154315785C17773A3 /* Pods_LoginAppFirebase.framework */ = {isa = PBXFileReference; explicitFileType = wrapper.framework; includeInIndex = 0; path = Pods_LoginAppFirebase.framework; sourceTree = BUILT_PRODUCTS_DIR; };
/* End PBXFileReference section */

/* Begin PBXFrameworksBuildPhase section */
		A0ABE5001D3468CE000D8B45 /* Frameworks */ = {
			isa = PBXFrameworksBuildPhase;
			buildActionMask = 2147483647;
			files = (
				D269ADA9B84197D2BF98CD7A /* Pods_LoginAppFirebase.framework in Frameworks */,
			);
			runOnlyForDeploymentPostprocessing = 0;
		};
/* End PBXFrameworksBuildPhase section */

/* Begin PBXGroup section */
		35DDCB75094F498AC67B05E4 /* Pods */ = {
			isa = PBXGroup;
			children = (
				B308B4D285D2C960B8EEBCA4 /* Pods-LoginAppFirebase.debug.xcconfig */,
				8F5CD8958F844477831B16FA /* Pods-LoginAppFirebase.release.xcconfig */,
			);
			name = Pods;
			sourceTree = "<group>";
		};
		56CBA1720EDC4FB2AF2D7EAB /* Frameworks */ = {
			isa = PBXGroup;
			children = (
				E712D93154315785C17773A3 /* Pods_LoginAppFirebase.framework */,
			);
			name = Frameworks;
			sourceTree = "<group>";
		};
		A0ABE4FA1D3468CE000D8B45 = {
			isa = PBXGroup;
			children = (
				A0ABE5051D3468CE000D8B45 /* LoginAppFirebase */,
				A0ABE5041D3468CE000D8B45 /* Products */,
				35DDCB75094F498AC67B05E4 /* Pods */,
				56CBA1720EDC4FB2AF2D7EAB /* Frameworks */,
			);
			sourceTree = "<group>";
		};
		A0ABE5041D3468CE000D8B45 /* Products */ = {
			isa = PBXGroup;
			children = (
				A0ABE5031D3468CE000D8B45 /* LoginAppFirebase.app */,
			);
			name = Products;
			sourceTree = "<group>";
		};
		A0ABE5051D3468CE000D8B45 /* LoginAppFirebase */ = {
			isa = PBXGroup;
			children = (
				A0ABE5061D3468CE000D8B45 /* AppDelegate.swift */,
				A0ABE5081D3468CE000D8B45 /* ViewController.swift */,
				A0ABE50A1D3468CE000D8B45 /* Main.storyboard */,
				A0ABE50D1D3468CE000D8B45 /* Assets.xcassets */,
				A0ABE50F1D3468CE000D8B45 /* LaunchScreen.storyboard */,
				A0ABE5121D3468CE000D8B45 /* Info.plist */,
				A0ABE5181D346959000D8B45 /* GoogleService-Info.plist */,
			);
			path = LoginAppFirebase;
			sourceTree = "<group>";
		};
/* End PBXGroup section */

/* Begin PBXNativeTarget section */
		A0ABE5021D3468CE000D8B45 /* LoginAppFirebase */ = {
			isa = PBXNativeTarget;
			buildConfigurationList = A0ABE5151D3468CE000D8B45 /* Build configuration list for PBXNativeTarget "LoginAppFirebase" */;
			buildPhases = (
				7CA8E648DDEA1E851ACB9D1A /* 📦 Check Pods Manifest.lock */,
				A0ABE4FF1D3468CE000D8B45 /* Sources */,
				A0ABE5001D3468CE000D8B45 /* Frameworks */,
				A0ABE5011D3468CE000D8B45 /* Resources */,
				8C8CEB4D610DA37CB3819EF3 /* 📦 Embed Pods Frameworks */,
				89D425D155BD745D090F7AAA /* 📦 Copy Pods Resources */,
			);
			buildRules = (
			);
			dependencies = (
			);
			name = LoginAppFirebase;
			productName = LoginAppFirebase;
			productReference = A0ABE5031D3468CE000D8B45 /* LoginAppFirebase.app */;
			productType = "com.apple.product-type.application";
		};
/* End PBXNativeTarget section */

/* Begin PBXProject section */
		A0ABE4FB1D3468CE000D8B45 /* Project object */ = {
			isa = PBXProject;
			attributes = {
				LastSwiftUpdateCheck = 0730;
				LastUpgradeCheck = 0730;
				ORGANIZATIONNAME = "Lisandro Falconi";
				TargetAttributes = {
					A0ABE5021D3468CE000D8B45 = {
						CreatedOnToolsVersion = 7.3;
					};
				};
			};
			buildConfigurationList = A0ABE4FE1D3468CE000D8B45 /* Build configuration list for PBXProject "LoginAppFirebase" */;
			compatibilityVersion = "Xcode 3.2";
			developmentRegion = English;
			hasScannedForEncodings = 0;
			knownRegions = (
				en,
				Base,
			);
			mainGroup = A0ABE4FA1D3468CE000D8B45;
			productRefGroup = A0ABE5041D3468CE000D8B45 /* Products */;
			projectDirPath = "";
			projectRoot = "";
			targets = (
				A0ABE5021D3468CE000D8B45 /* LoginAppFirebase */,
			);
		};
/* End PBXProject section */

/* Begin PBXResourcesBuildPhase section */
		A0ABE5011D3468CE000D8B45 /* Resources */ = {
			isa = PBXResourcesBuildPhase;
			buildActionMask = 2147483647;
			files = (
				A0ABE5111D3468CE000D8B45 /* LaunchScreen.storyboard in Resources */,
				A0ABE5191D346959000D8B45 /* GoogleService-Info.plist in Resources */,
				A0ABE50E1D3468CE000D8B45 /* Assets.xcassets in Resources */,
				A0ABE50C1D3468CE000D8B45 /* Main.storyboard in Resources */,
			);
			runOnlyForDeploymentPostprocessing = 0;
		};
/* End PBXResourcesBuildPhase section */

/* Begin PBXShellScriptBuildPhase section */
		7CA8E648DDEA1E851ACB9D1A /* 📦 Check Pods Manifest.lock */ = {
			isa = PBXShellScriptBuildPhase;
			buildActionMask = 2147483647;
			files = (
			);
			inputPaths = (
			);
			name = "📦 Check Pods Manifest.lock";
			outputPaths = (
			);
			runOnlyForDeploymentPostprocessing = 0;
			shellPath = /bin/sh;
			shellScript = "diff \"${PODS_ROOT}/../Podfile.lock\" \"${PODS_ROOT}/Manifest.lock\" > /dev/null\nif [[ $? != 0 ]] ; then\n    cat << EOM\nerror: The sandbox is not in sync with the Podfile.lock. Run 'pod install' or update your CocoaPods installation.\nEOM\n    exit 1\nfi\n";
			showEnvVarsInLog = 0;
		};
		89D425D155BD745D090F7AAA /* 📦 Copy Pods Resources */ = {
			isa = PBXShellScriptBuildPhase;
			buildActionMask = 2147483647;
			files = (
			);
			inputPaths = (
			);
			name = "📦 Copy Pods Resources";
			outputPaths = (
			);
			runOnlyForDeploymentPostprocessing = 0;
			shellPath = /bin/sh;
			shellScript = "\"${SRCROOT}/Pods/Target Support Files/Pods-LoginAppFirebase/Pods-LoginAppFirebase-resources.sh\"\n";
			showEnvVarsInLog = 0;
		};
		8C8CEB4D610DA37CB3819EF3 /* 📦 Embed Pods Frameworks */ = {
			isa = PBXShellScriptBuildPhase;
			buildActionMask = 2147483647;
			files = (
			);
			inputPaths = (
			);
			name = "📦 Embed Pods Frameworks";
			outputPaths = (
			);
			runOnlyForDeploymentPostprocessing = 0;
			shellPath = /bin/sh;
			shellScript = "\"${SRCROOT}/Pods/Target Support Files/Pods-LoginAppFirebase/Pods-LoginAppFirebase-frameworks.sh\"\n";
			showEnvVarsInLog = 0;
		};
/* End PBXShellScriptBuildPhase section */

/* Begin PBXSourcesBuildPhase section */
		A0ABE4FF1D3468CE000D8B45 /* Sources */ = {
			isa = PBXSourcesBuildPhase;
			buildActionMask = 2147483647;
			files = (
				A0ABE5091D3468CE000D8B45 /* ViewController.swift in Sources */,
				A0ABE5071D3468CE000D8B45 /* AppDelegate.swift in Sources */,
			);
			runOnlyForDeploymentPostprocessing = 0;
		};
/* End PBXSourcesBuildPhase section */

/* Begin PBXVariantGroup section */
		A0ABE50A1D3468CE000D8B45 /* Main.storyboard */ = {
			isa = PBXVariantGroup;
			children = (
				A0ABE50B1D3468CE000D8B45 /* Base */,
			);
			name = Main.storyboard;
			sourceTree = "<group>";
		};
		A0ABE50F1D3468CE000D8B45 /* LaunchScreen.storyboard */ = {
			isa = PBXVariantGroup;
			children = (
				A0ABE5101D3468CE000D8B45 /* Base */,
			);
			name = LaunchScreen.storyboard;
			sourceTree = "<group>";
		};
/* End PBXVariantGroup section */

/* Begin XCBuildConfiguration section */
		A0ABE5131D3468CE000D8B45 /* Debug */ = {
			isa = XCBuildConfiguration;
			buildSettings = {
				ALWAYS_SEARCH_USER_PATHS = NO;
				CLANG_ANALYZER_NONNULL = YES;
				CLANG_CXX_LANGUAGE_STANDARD = "gnu++0x";
				CLANG_CXX_LIBRARY = "libc++";
				CLANG_ENABLE_MODULES = YES;
				CLANG_ENABLE_OBJC_ARC = YES;
				CLANG_WARN_BOOL_CONVERSION = YES;
				CLANG_WARN_CONSTANT_CONVERSION = YES;
				CLANG_WARN_DIRECT_OBJC_ISA_USAGE = YES_ERROR;
				CLANG_WARN_EMPTY_BODY = YES;
				CLANG_WARN_ENUM_CONVERSION = YES;
				CLANG_WARN_INT_CONVERSION = YES;
				CLANG_WARN_OBJC_ROOT_CLASS = YES_ERROR;
				CLANG_WARN_UNREACHABLE_CODE = YES;
				CLANG_WARN__DUPLICATE_METHOD_MATCH = YES;
				"CODE_SIGN_IDENTITY[sdk=iphoneos*]" = "iPhone Developer";
				COPY_PHASE_STRIP = NO;
				DEBUG_INFORMATION_FORMAT = dwarf;
				ENABLE_STRICT_OBJC_MSGSEND = YES;
				ENABLE_TESTABILITY = YES;
				GCC_C_LANGUAGE_STANDARD = gnu99;
				GCC_DYNAMIC_NO_PIC = NO;
				GCC_NO_COMMON_BLOCKS = YES;
				GCC_OPTIMIZATION_LEVEL = 0;
				GCC_PREPROCESSOR_DEFINITIONS = (
					"DEBUG=1",
					"$(inherited)",
				);
				GCC_WARN_64_TO_32_BIT_CONVERSION = YES;
				GCC_WARN_ABOUT_RETURN_TYPE = YES_ERROR;
				GCC_WARN_UNDECLARED_SELECTOR = YES;
				GCC_WARN_UNINITIALIZED_AUTOS = YES_AGGRESSIVE;
				GCC_WARN_UNUSED_FUNCTION = YES;
				GCC_WARN_UNUSED_VARIABLE = YES;
				IPHONEOS_DEPLOYMENT_TARGET = 9.3;
				MTL_ENABLE_DEBUG_INFO = YES;
				ONLY_ACTIVE_ARCH = YES;
				SDKROOT = iphoneos;
				SWIFT_OPTIMIZATION_LEVEL = "-Onone";
			};
			name = Debug;
		};
		A0ABE5141D3468CE000D8B45 /* Release */ = {
			isa = XCBuildConfiguration;
			buildSettings = {
				ALWAYS_SEARCH_USER_PATHS = NO;
				CLANG_ANALYZER_NONNULL = YES;
				CLANG_CXX_LANGUAGE_STANDARD = "gnu++0x";
				CLANG_CXX_LIBRARY = "libc++";
				CLANG_ENABLE_MODULES = YES;
				CLANG_ENABLE_OBJC_ARC = YES;
				CLANG_WARN_BOOL_CONVERSION = YES;
				CLANG_WARN_CONSTANT_CONVERSION = YES;
				CLANG_WARN_DIRECT_OBJC_ISA_USAGE = YES_ERROR;
				CLANG_WARN_EMPTY_BODY = YES;
				CLANG_WARN_ENUM_CONVERSION = YES;
				CLANG_WARN_INT_CONVERSION = YES;
				CLANG_WARN_OBJC_ROOT_CLASS = YES_ERROR;
				CLANG_WARN_UNREACHABLE_CODE = YES;
				CLANG_WARN__DUPLICATE_METHOD_MATCH = YES;
				"CODE_SIGN_IDENTITY[sdk=iphoneos*]" = "iPhone Developer";
				COPY_PHASE_STRIP = NO;
				DEBUG_INFORMATION_FORMAT = "dwarf-with-dsym";
				ENABLE_NS_ASSERTIONS = NO;
				ENABLE_STRICT_OBJC_MSGSEND = YES;
				GCC_C_LANGUAGE_STANDARD = gnu99;
				GCC_NO_COMMON_BLOCKS = YES;
				GCC_WARN_64_TO_32_BIT_CONVERSION = YES;
				GCC_WARN_ABOUT_RETURN_TYPE = YES_ERROR;
				GCC_WARN_UNDECLARED_SELECTOR = YES;
				GCC_WARN_UNINITIALIZED_AUTOS = YES_AGGRESSIVE;
				GCC_WARN_UNUSED_FUNCTION = YES;
				GCC_WARN_UNUSED_VARIABLE = YES;
				IPHONEOS_DEPLOYMENT_TARGET = 9.3;
				MTL_ENABLE_DEBUG_INFO = NO;
				SDKROOT = iphoneos;
				VALIDATE_PRODUCT = YES;
			};
			name = Release;
		};
		A0ABE5161D3468CE000D8B45 /* Debug */ = {
			isa = XCBuildConfiguration;
			baseConfigurationReference = B308B4D285D2C960B8EEBCA4 /* Pods-LoginAppFirebase.debug.xcconfig */;
			buildSettings = {
				ASSETCATALOG_COMPILER_APPICON_NAME = AppIcon;
				INFOPLIST_FILE = LoginAppFirebase/Info.plist;
				LD_RUNPATH_SEARCH_PATHS = "$(inherited) @executable_path/Frameworks";
				PRODUCT_BUNDLE_IDENTIFIER = com.lisandro.LoginAppFirebase;
				PRODUCT_NAME = "$(TARGET_NAME)";
			};
			name = Debug;
		};
		A0ABE5171D3468CE000D8B45 /* Release */ = {
			isa = XCBuildConfiguration;
			baseConfigurationReference = 8F5CD8958F844477831B16FA /* Pods-LoginAppFirebase.release.xcconfig */;
			buildSettings = {
				ASSETCATALOG_COMPILER_APPICON_NAME = AppIcon;
				INFOPLIST_FILE = LoginAppFirebase/Info.plist;
				LD_RUNPATH_SEARCH_PATHS = "$(inherited) @executable_path/Frameworks";
				PRODUCT_BUNDLE_IDENTIFIER = com.lisandro.LoginAppFirebase;
				PRODUCT_NAME = "$(TARGET_NAME)";
			};
			name = Release;
		};
/* End XCBuildConfiguration section */

/* Begin XCConfigurationList section */
		A0ABE4FE1D3468CE000D8B45 /* Build configuration list for PBXProject "LoginAppFirebase" */ = {
			isa = XCConfigurationList;
			buildConfigurations = (
				A0ABE5131D3468CE000D8B45 /* Debug */,
				A0ABE5141D3468CE000D8B45 /* Release */,
			);
			defaultConfigurationIsVisible = 0;
			defaultConfigurationName = Release;
		};
		A0ABE5151D3468CE000D8B45 /* Build configuration list for PBXNativeTarget "LoginAppFirebase" */ = {
			isa = XCConfigurationList;
			buildConfigurations = (
				A0ABE5161D3468CE000D8B45 /* Debug */,
				A0ABE5171D3468CE000D8B45 /* Release */,
			);
			defaultConfigurationIsVisible = 0;
			defaultConfigurationName = Release;
		};
/* End XCConfigurationList section */
	};
	rootObject = A0ABE4FB1D3468CE000D8B45 /* Project object */;
}
